
Microsoft Visual Studio Solution File, Format Version 12.00
# Visual Studio 15
VisualStudioVersion = 15.0.26730.15
MinimumVisualStudioVersion = 10.0.40219.1
Project("{FAE04EC0-301F-11D3-BF4B-00C04F79EFBC}") = "GetHtmlString", "GetHtmlString\GetHtmlString.csproj", "{CCFE9651-C989-44B4-BB7B-ECF3C1BFB9F2}"
EndProject
Global
	GlobalSection(SolutionConfigurationPlatforms) = preSolution
		Debug|Any CPU = Debug|Any CPU
		Release|Any CPU = Release|Any CPU
	EndGlobalSection
	GlobalSection(ProjectConfigurationPlatforms) = postSolution
		{CCFE9651-C989-44B4-BB7B-ECF3C1BFB9F2}.Debug|Any CPU.ActiveCfg = Debug|Any CPU
		{CCFE9651-C989-44B4-BB7B-ECF3C1BFB9F2}.Debug|Any CPU.Build.0 = Debug|Any CPU
		{CCFE9651-C989-44B4-BB7B-ECF3C1BFB9F2}.Release|Any CPU.ActiveCfg = Release|Any CPU
		{CCFE9651-C989-44B4-BB7B-ECF3C1BFB9F2}.Release|Any CPU.Build.0 = Release|Any CPU
	EndGlobalSection
	GlobalSection(SolutionProperties) = preSolution
		HideSolutionNode = FALSE
	EndGlobalSection
	GlobalSection(ExtensibilityGlobals) = postSolution
		SolutionGuid = {1FA0CBCE-84C8-4766-A114-B7EB29B6B746}
	EndGlobalSection
EndGlobal
